
Microsoft Visual Studio Solution File, Format Version 11.00
# Visual C# Express 2010
Project("{FAE04EC0-301F-11D3-BF4B-00C04F79EFBC}") = "Jogo do Labirinto", "Jogo do Labirinto\Jogo do Labirinto.csproj", "{9C85FF26-96B5-4F05-9CD2-498D8DD44C43}"
EndProject
Global
	GlobalSection(SolutionConfigurationPlatforms) = preSolution
		Debug|x86 = Debug|x86
		Release|x86 = Release|x86
	EndGlobalSection
	GlobalSection(ProjectConfigurationPlatforms) = postSolution
		{9C85FF26-96B5-4F05-9CD2-498D8DD44C43}.Debug|x86.ActiveCfg = Debug|x86
		{9C85FF26-96B5-4F05-9CD2-498D8DD44C43}.Debug|x86.Build.0 = Debug|x86
		{9C85FF26-96B5-4F05-9CD2-498D8DD44C43}.Release|x86.ActiveCfg = Release|x86
		{9C85FF26-96B5-4F05-9CD2-498D8DD44C43}.Release|x86.Build.0 = Release|x86
	EndGlobalSection
	GlobalSection(SolutionProperties) = preSolution
		HideSolutionNode = FALSE
	EndGlobalSection
EndGlobal
